
Microsoft Visual Studio Solution File, Format Version 12.00
# Visual Studio Version 17
VisualStudioVersion = 17.5.002.0
MinimumVisualStudioVersion = 10.0.40219.1
Project("{9A19103F-16F7-4668-BE54-9A1E7A4F7556}") = "aula03", "aula03.csproj", "{6CFED4E5-05B9-477E-B700-5F40FEB54AEF}"
EndProject
Global
	GlobalSection(SolutionConfigurationPlatforms) = preSolution
		Debug|Any CPU = Debug|Any CPU
		Release|Any CPU = Release|Any CPU
	EndGlobalSection
	GlobalSection(ProjectConfigurationPlatforms) = postSolution
		{6CFED4E5-05B9-477E-B700-5F40FEB54AEF}.Debug|Any CPU.ActiveCfg = Debug|Any CPU
		{6CFED4E5-05B9-477E-B700-5F40FEB54AEF}.Debug|Any CPU.Build.0 = Debug|Any CPU
		{6CFED4E5-05B9-477E-B700-5F40FEB54AEF}.Release|Any CPU.ActiveCfg = Release|Any CPU
		{6CFED4E5-05B9-477E-B700-5F40FEB54AEF}.Release|Any CPU.Build.0 = Release|Any CPU
	EndGlobalSection
	GlobalSection(SolutionProperties) = preSolution
		HideSolutionNode = FALSE
	EndGlobalSection
	GlobalSection(ExtensibilityGlobals) = postSolution
		SolutionGuid = {59EADC04-8032-4071-8662-1BAF5712DEE4}
	EndGlobalSection
EndGlobal
