
Microsoft Visual Studio Solution File, Format Version 12.00
# Visual Studio Version 17
VisualStudioVersion = 17.5.002.0
MinimumVisualStudioVersion = 10.0.40219.1
Project("{9A19103F-16F7-4668-BE54-9A1E7A4F7556}") = "P001", "P001.csproj", "{7ABB198A-AFC6-414C-A75B-2E9F1577803E}"
EndProject
Global
	GlobalSection(SolutionConfigurationPlatforms) = preSolution
		Debug|Any CPU = Debug|Any CPU
		Release|Any CPU = Release|Any CPU
	EndGlobalSection
	GlobalSection(ProjectConfigurationPlatforms) = postSolution
		{7ABB198A-AFC6-414C-A75B-2E9F1577803E}.Debug|Any CPU.ActiveCfg = Debug|Any CPU
		{7ABB198A-AFC6-414C-A75B-2E9F1577803E}.Debug|Any CPU.Build.0 = Debug|Any CPU
		{7ABB198A-AFC6-414C-A75B-2E9F1577803E}.Release|Any CPU.ActiveCfg = Release|Any CPU
		{7ABB198A-AFC6-414C-A75B-2E9F1577803E}.Release|Any CPU.Build.0 = Release|Any CPU
	EndGlobalSection
	GlobalSection(SolutionProperties) = preSolution
		HideSolutionNode = FALSE
	EndGlobalSection
	GlobalSection(ExtensibilityGlobals) = postSolution
		SolutionGuid = {4C5BD9C0-A377-49FB-87F7-245DEDBA3037}
	EndGlobalSection
EndGlobal
